
Microsoft Visual Studio Solution File, Format Version 12.00
# Visual Studio Version 17
VisualStudioVersion = 17.4.33213.308
MinimumVisualStudioVersion = 10.0.40219.1
Project("{2150E333-8FDC-42A3-9474-1A3956D46DE8}") = "Solution Items", "Solution Items", "{B8202A48-FACE-40F6-B594-DC53B7150E9F}"
	ProjectSection(SolutionItems) = preProject
		Directory.Build.props = Directory.Build.props
		.github\workflows\pull-request.yml = .github\workflows\pull-request.yml
		.github\workflows\tag.yml = .github\workflows\tag.yml
	EndProjectSection
EndProject
Project("{9A19103F-16F7-4668-BE54-9A1E7A4F7556}") = "CQ.AuthProvider.SDK.ApiFilters", "CQ.AuthProvider.SDK.ApiFilters\CQ.AuthProvider.SDK.ApiFilters.csproj", "{71DA8752-CF06-4304-8281-0F4F3C337706}"
EndProject
Project("{FAE04EC0-301F-11D3-BF4B-00C04F79EFBC}") = "CQ.AuthProvider.SDK.Abstractions", "CQ.AuthProvider.SDK.Abstractions\CQ.AuthProvider.SDK.Abstractions.csproj", "{84BC3941-15E3-454B-B51D-67832F9375AC}"
EndProject
Project("{FAE04EC0-301F-11D3-BF4B-00C04F79EFBC}") = "CQ.AuthProvider.SDK", "CQ.AuthProvider.SDK\CQ.AuthProvider.SDK.csproj", "{864EE7BF-6512-44F3-A0A7-AEA26A773172}"
EndProject
Global
	GlobalSection(SolutionConfigurationPlatforms) = preSolution
		Debug|Any CPU = Debug|Any CPU
		Release|Any CPU = Release|Any CPU
	EndGlobalSection
	GlobalSection(ProjectConfigurationPlatforms) = postSolution
		{71DA8752-CF06-4304-8281-0F4F3C337706}.Debug|Any CPU.ActiveCfg = Debug|Any CPU
		{71DA8752-CF06-4304-8281-0F4F3C337706}.Debug|Any CPU.Build.0 = Debug|Any CPU
		{71DA8752-CF06-4304-8281-0F4F3C337706}.Release|Any CPU.ActiveCfg = Release|Any CPU
		{71DA8752-CF06-4304-8281-0F4F3C337706}.Release|Any CPU.Build.0 = Release|Any CPU
		{84BC3941-15E3-454B-B51D-67832F9375AC}.Debug|Any CPU.ActiveCfg = Debug|Any CPU
		{84BC3941-15E3-454B-B51D-67832F9375AC}.Debug|Any CPU.Build.0 = Debug|Any CPU
		{84BC3941-15E3-454B-B51D-67832F9375AC}.Release|Any CPU.ActiveCfg = Release|Any CPU
		{84BC3941-15E3-454B-B51D-67832F9375AC}.Release|Any CPU.Build.0 = Release|Any CPU
		{864EE7BF-6512-44F3-A0A7-AEA26A773172}.Debug|Any CPU.ActiveCfg = Debug|Any CPU
		{864EE7BF-6512-44F3-A0A7-AEA26A773172}.Debug|Any CPU.Build.0 = Debug|Any CPU
		{864EE7BF-6512-44F3-A0A7-AEA26A773172}.Release|Any CPU.ActiveCfg = Release|Any CPU
		{864EE7BF-6512-44F3-A0A7-AEA26A773172}.Release|Any CPU.Build.0 = Release|Any CPU
	EndGlobalSection
	GlobalSection(SolutionProperties) = preSolution
		HideSolutionNode = FALSE
	EndGlobalSection
	GlobalSection(ExtensibilityGlobals) = postSolution
		SolutionGuid = {BB5245A1-13BB-441D-B167-0C47E4666987}
	EndGlobalSection
EndGlobal
