
Microsoft Visual Studio Solution File, Format Version 12.00
# Visual Studio Version 17
VisualStudioVersion = 17.4.33213.308
MinimumVisualStudioVersion = 10.0.40219.1
Project("{9A19103F-16F7-4668-BE54-9A1E7A4F7556}") = "CQ.AuthProvider.SDK", "CQ.AuthProvider.SDK\CQ.AuthProvider.SDK.csproj", "{41BCC029-6797-4985-B92D-51551E58A3D8}"
EndProject
Project("{9A19103F-16F7-4668-BE54-9A1E7A4F7556}") = "CQ.AuthProvider.SDK.Tests", "CQ.AuthProvider.SDK.Tests\CQ.AuthProvider.SDK.Tests.csproj", "{920C3456-1683-40A4-895F-062001D54711}"
EndProject
Project("{2150E333-8FDC-42A3-9474-1A3956D46DE8}") = "Solution Items", "Solution Items", "{B8202A48-FACE-40F6-B594-DC53B7150E9F}"
	ProjectSection(SolutionItems) = preProject
		Directory.Build.props = Directory.Build.props
		.github\workflows\pull-request.yml = .github\workflows\pull-request.yml
		.github\workflows\tag.yml = .github\workflows\tag.yml
	EndProjectSection
EndProject
Project("{9A19103F-16F7-4668-BE54-9A1E7A4F7556}") = "CQ.AuthProvider.SDK.IntegrationTests", "CQ.AuthProvider.SDK.IntegrationTests\CQ.AuthProvider.SDK.IntegrationTests.csproj", "{E563D009-1200-4F25-A7BF-EC98C7C771C8}"
EndProject
Project("{2150E333-8FDC-42A3-9474-1A3956D46DE8}") = "Tests", "Tests", "{CEF4C4F0-CA1D-44D7-A633-3E30B1896AB2}"
EndProject
Project("{9A19103F-16F7-4668-BE54-9A1E7A4F7556}") = "CQ.AuthProvider.SDK.WebApi", "CQ.AuthProvider.SDK.WebApi\CQ.AuthProvider.SDK.WebApi.csproj", "{E96F4ED2-8701-4EA8-A65E-D43343831482}"
EndProject
Project("{9A19103F-16F7-4668-BE54-9A1E7A4F7556}") = "CQ.AuthProvider.SDK.ApiFilters", "CQ.AuthProvider.SDK.ApiFilters\CQ.AuthProvider.SDK.ApiFilters.csproj", "{71DA8752-CF06-4304-8281-0F4F3C337706}"
EndProject
Global
	GlobalSection(SolutionConfigurationPlatforms) = preSolution
		Debug|Any CPU = Debug|Any CPU
		Release|Any CPU = Release|Any CPU
	EndGlobalSection
	GlobalSection(ProjectConfigurationPlatforms) = postSolution
		{41BCC029-6797-4985-B92D-51551E58A3D8}.Debug|Any CPU.ActiveCfg = Debug|Any CPU
		{41BCC029-6797-4985-B92D-51551E58A3D8}.Debug|Any CPU.Build.0 = Debug|Any CPU
		{41BCC029-6797-4985-B92D-51551E58A3D8}.Release|Any CPU.ActiveCfg = Release|Any CPU
		{41BCC029-6797-4985-B92D-51551E58A3D8}.Release|Any CPU.Build.0 = Release|Any CPU
		{920C3456-1683-40A4-895F-062001D54711}.Debug|Any CPU.ActiveCfg = Debug|Any CPU
		{920C3456-1683-40A4-895F-062001D54711}.Debug|Any CPU.Build.0 = Debug|Any CPU
		{920C3456-1683-40A4-895F-062001D54711}.Release|Any CPU.ActiveCfg = Release|Any CPU
		{920C3456-1683-40A4-895F-062001D54711}.Release|Any CPU.Build.0 = Release|Any CPU
		{E563D009-1200-4F25-A7BF-EC98C7C771C8}.Debug|Any CPU.ActiveCfg = Debug|Any CPU
		{E563D009-1200-4F25-A7BF-EC98C7C771C8}.Debug|Any CPU.Build.0 = Debug|Any CPU
		{E563D009-1200-4F25-A7BF-EC98C7C771C8}.Release|Any CPU.ActiveCfg = Release|Any CPU
		{E563D009-1200-4F25-A7BF-EC98C7C771C8}.Release|Any CPU.Build.0 = Release|Any CPU
		{E96F4ED2-8701-4EA8-A65E-D43343831482}.Debug|Any CPU.ActiveCfg = Debug|Any CPU
		{E96F4ED2-8701-4EA8-A65E-D43343831482}.Debug|Any CPU.Build.0 = Debug|Any CPU
		{E96F4ED2-8701-4EA8-A65E-D43343831482}.Release|Any CPU.ActiveCfg = Release|Any CPU
		{E96F4ED2-8701-4EA8-A65E-D43343831482}.Release|Any CPU.Build.0 = Release|Any CPU
		{71DA8752-CF06-4304-8281-0F4F3C337706}.Debug|Any CPU.ActiveCfg = Debug|Any CPU
		{71DA8752-CF06-4304-8281-0F4F3C337706}.Debug|Any CPU.Build.0 = Debug|Any CPU
		{71DA8752-CF06-4304-8281-0F4F3C337706}.Release|Any CPU.ActiveCfg = Release|Any CPU
		{71DA8752-CF06-4304-8281-0F4F3C337706}.Release|Any CPU.Build.0 = Release|Any CPU
	EndGlobalSection
	GlobalSection(SolutionProperties) = preSolution
		HideSolutionNode = FALSE
	EndGlobalSection
	GlobalSection(NestedProjects) = preSolution
		{920C3456-1683-40A4-895F-062001D54711} = {CEF4C4F0-CA1D-44D7-A633-3E30B1896AB2}
		{E563D009-1200-4F25-A7BF-EC98C7C771C8} = {CEF4C4F0-CA1D-44D7-A633-3E30B1896AB2}
		{E96F4ED2-8701-4EA8-A65E-D43343831482} = {CEF4C4F0-CA1D-44D7-A633-3E30B1896AB2}
	EndGlobalSection
	GlobalSection(ExtensibilityGlobals) = postSolution
		SolutionGuid = {BB5245A1-13BB-441D-B167-0C47E4666987}
	EndGlobalSection
EndGlobal
